
Microsoft Visual Studio Solution File, Format Version 12.00
# Visual Studio Version 17
VisualStudioVersion = 17.4.33205.214
MinimumVisualStudioVersion = 10.0.40219.1
Project("{FAE04EC0-301F-11D3-BF4B-00C04F79EFBC}") = "SelectionSort", "SelectionSort\SelectionSort.csproj", "{ED5F7750-5BB9-4557-B035-2B825CC3B6D2}"
EndProject
Project("{FAE04EC0-301F-11D3-BF4B-00C04F79EFBC}") = "InsertionSort", "InsertionSort\InsertionSort.csproj", "{4EF20555-A5F5-4B62-8A51-CA16ACD4939C}"
EndProject
Project("{FAE04EC0-301F-11D3-BF4B-00C04F79EFBC}") = "ClassLibraries", "ClassLibraries\ClassLibraries.csproj", "{2881CBF5-42CE-41ED-8D87-DE465F030D84}"
EndProject
Global
	GlobalSection(SolutionConfigurationPlatforms) = preSolution
		Debug|Any CPU = Debug|Any CPU
		Release|Any CPU = Release|Any CPU
	EndGlobalSection
	GlobalSection(ProjectConfigurationPlatforms) = postSolution
		{ED5F7750-5BB9-4557-B035-2B825CC3B6D2}.Debug|Any CPU.ActiveCfg = Debug|Any CPU
		{ED5F7750-5BB9-4557-B035-2B825CC3B6D2}.Debug|Any CPU.Build.0 = Debug|Any CPU
		{ED5F7750-5BB9-4557-B035-2B825CC3B6D2}.Release|Any CPU.ActiveCfg = Release|Any CPU
		{ED5F7750-5BB9-4557-B035-2B825CC3B6D2}.Release|Any CPU.Build.0 = Release|Any CPU
		{4EF20555-A5F5-4B62-8A51-CA16ACD4939C}.Debug|Any CPU.ActiveCfg = Debug|Any CPU
		{4EF20555-A5F5-4B62-8A51-CA16ACD4939C}.Debug|Any CPU.Build.0 = Debug|Any CPU
		{4EF20555-A5F5-4B62-8A51-CA16ACD4939C}.Release|Any CPU.ActiveCfg = Release|Any CPU
		{4EF20555-A5F5-4B62-8A51-CA16ACD4939C}.Release|Any CPU.Build.0 = Release|Any CPU
		{2881CBF5-42CE-41ED-8D87-DE465F030D84}.Debug|Any CPU.ActiveCfg = Debug|Any CPU
		{2881CBF5-42CE-41ED-8D87-DE465F030D84}.Debug|Any CPU.Build.0 = Debug|Any CPU
		{2881CBF5-42CE-41ED-8D87-DE465F030D84}.Release|Any CPU.ActiveCfg = Release|Any CPU
		{2881CBF5-42CE-41ED-8D87-DE465F030D84}.Release|Any CPU.Build.0 = Release|Any CPU
	EndGlobalSection
	GlobalSection(SolutionProperties) = preSolution
		HideSolutionNode = FALSE
	EndGlobalSection
	GlobalSection(ExtensibilityGlobals) = postSolution
		SolutionGuid = {60859543-6CCF-48CD-AC39-AA8DDE460567}
	EndGlobalSection
EndGlobal
